
Microsoft Visual Studio Solution File, Format Version 12.00
# Visual Studio Version 17
VisualStudioVersion = 17.13.35931.197 d17.13
MinimumVisualStudioVersion = 10.0.40219.1
Project("{FAE04EC0-301F-11D3-BF4B-00C04F79EFBC}") = "Jugueteriaojalafuncione", "Jugueteriaojalafuncione\Jugueteriaojalafuncione.csproj", "{D285B831-97E8-497D-BCDA-89463EEBE95E}"
EndProject
Global
	GlobalSection(SolutionConfigurationPlatforms) = preSolution
		Debug|Any CPU = Debug|Any CPU
		Release|Any CPU = Release|Any CPU
	EndGlobalSection
	GlobalSection(ProjectConfigurationPlatforms) = postSolution
		{D285B831-97E8-497D-BCDA-89463EEBE95E}.Debug|Any CPU.ActiveCfg = Debug|Any CPU
		{D285B831-97E8-497D-BCDA-89463EEBE95E}.Debug|Any CPU.Build.0 = Debug|Any CPU
		{D285B831-97E8-497D-BCDA-89463EEBE95E}.Release|Any CPU.ActiveCfg = Release|Any CPU
		{D285B831-97E8-497D-BCDA-89463EEBE95E}.Release|Any CPU.Build.0 = Release|Any CPU
	EndGlobalSection
	GlobalSection(SolutionProperties) = preSolution
		HideSolutionNode = FALSE
	EndGlobalSection
	GlobalSection(ExtensibilityGlobals) = postSolution
		SolutionGuid = {A7FA0347-E431-490E-AD25-724F336BD4D5}
	EndGlobalSection
EndGlobal
